
Microsoft Visual Studio Solution File, Format Version 12.00
# Visual Studio Version 16
VisualStudioVersion = 16.0.30225.117
MinimumVisualStudioVersion = 10.0.40219.1
Project("{FAE04EC0-301F-11D3-BF4B-00C04F79EFBC}") = "Strategy.Domain", "Strategy.Domain\Strategy.Domain.csproj", "{D971ADB5-5006-4805-8BCE-8D3BFB203D14}"
EndProject
Project("{FAE04EC0-301F-11D3-BF4B-00C04F79EFBC}") = "Strategy.Domain.Tests", "Strategy.Domain.Tests\Strategy.Domain.Tests.csproj", "{0CB87497-492B-4C70-8E74-EA3C54D3737B}"
EndProject
Project("{FAE04EC0-301F-11D3-BF4B-00C04F79EFBC}") = "UnitBattleGame", "UnitBattleGame\UnitBattleGame.csproj", "{9540AB64-1C0B-4BF9-8033-E03C71C71BDF}"
EndProject
Global
	GlobalSection(SolutionConfigurationPlatforms) = preSolution
		Debug|Any CPU = Debug|Any CPU
		Release|Any CPU = Release|Any CPU
	EndGlobalSection
	GlobalSection(ProjectConfigurationPlatforms) = postSolution
		{D971ADB5-5006-4805-8BCE-8D3BFB203D14}.Debug|Any CPU.ActiveCfg = Debug|Any CPU
		{D971ADB5-5006-4805-8BCE-8D3BFB203D14}.Debug|Any CPU.Build.0 = Debug|Any CPU
		{D971ADB5-5006-4805-8BCE-8D3BFB203D14}.Release|Any CPU.ActiveCfg = Release|Any CPU
		{D971ADB5-5006-4805-8BCE-8D3BFB203D14}.Release|Any CPU.Build.0 = Release|Any CPU
		{0CB87497-492B-4C70-8E74-EA3C54D3737B}.Debug|Any CPU.ActiveCfg = Debug|Any CPU
		{0CB87497-492B-4C70-8E74-EA3C54D3737B}.Debug|Any CPU.Build.0 = Debug|Any CPU
		{0CB87497-492B-4C70-8E74-EA3C54D3737B}.Release|Any CPU.ActiveCfg = Release|Any CPU
		{0CB87497-492B-4C70-8E74-EA3C54D3737B}.Release|Any CPU.Build.0 = Release|Any CPU
		{9540AB64-1C0B-4BF9-8033-E03C71C71BDF}.Debug|Any CPU.ActiveCfg = Debug|Any CPU
		{9540AB64-1C0B-4BF9-8033-E03C71C71BDF}.Debug|Any CPU.Build.0 = Debug|Any CPU
		{9540AB64-1C0B-4BF9-8033-E03C71C71BDF}.Release|Any CPU.ActiveCfg = Release|Any CPU
		{9540AB64-1C0B-4BF9-8033-E03C71C71BDF}.Release|Any CPU.Build.0 = Release|Any CPU
	EndGlobalSection
	GlobalSection(SolutionProperties) = preSolution
		HideSolutionNode = FALSE
	EndGlobalSection
	GlobalSection(ExtensibilityGlobals) = postSolution
		SolutionGuid = {18337C4A-A292-422B-A1DE-A06A4A129526}
	EndGlobalSection
EndGlobal
